
Microsoft Visual Studio Solution File, Format Version 12.00
# Visual Studio Version 16
VisualStudioVersion = 16.0.31205.134
MinimumVisualStudioVersion = 10.0.40219.1
Project("{9A19103F-16F7-4668-BE54-9A1E7A4F7556}") = "WebApplication1", "WebApplication1\WebApplication1.csproj", "{5CDE7BF7-03F1-4E5B-B2CE-A24D39F74F22}"
EndProject
Project("{FAE04EC0-301F-11D3-BF4B-00C04F79EFBC}") = "TestProject1", "TestProject1\TestProject1.csproj", "{86D306C3-4307-44F1-9E74-1FDD299A7847}"
EndProject
Global
	GlobalSection(SolutionConfigurationPlatforms) = preSolution
		Debug|Any CPU = Debug|Any CPU
		Release|Any CPU = Release|Any CPU
	EndGlobalSection
	GlobalSection(ProjectConfigurationPlatforms) = postSolution
		{5CDE7BF7-03F1-4E5B-B2CE-A24D39F74F22}.Debug|Any CPU.ActiveCfg = Debug|Any CPU
		{5CDE7BF7-03F1-4E5B-B2CE-A24D39F74F22}.Debug|Any CPU.Build.0 = Debug|Any CPU
		{5CDE7BF7-03F1-4E5B-B2CE-A24D39F74F22}.Release|Any CPU.ActiveCfg = Release|Any CPU
		{5CDE7BF7-03F1-4E5B-B2CE-A24D39F74F22}.Release|Any CPU.Build.0 = Release|Any CPU
		{86D306C3-4307-44F1-9E74-1FDD299A7847}.Debug|Any CPU.ActiveCfg = Debug|Any CPU
		{86D306C3-4307-44F1-9E74-1FDD299A7847}.Debug|Any CPU.Build.0 = Debug|Any CPU
		{86D306C3-4307-44F1-9E74-1FDD299A7847}.Release|Any CPU.ActiveCfg = Release|Any CPU
		{86D306C3-4307-44F1-9E74-1FDD299A7847}.Release|Any CPU.Build.0 = Release|Any CPU
	EndGlobalSection
	GlobalSection(SolutionProperties) = preSolution
		HideSolutionNode = FALSE
	EndGlobalSection
	GlobalSection(ExtensibilityGlobals) = postSolution
		SolutionGuid = {C126EA4B-B9DE-45B9-A805-027D0C573326}
	EndGlobalSection
EndGlobal
